
Microsoft Visual Studio Solution File, Format Version 12.00
# Visual Studio Version 16
VisualStudioVersion = 16.0.29215.179
MinimumVisualStudioVersion = 10.0.40219.1
Project("{FAE04EC0-301F-11D3-BF4B-00C04F79EFBC}") = "WebAPToken", "WebAPToken\WebAPToken.csproj", "{F907E0EE-55D0-440E-BB67-D2973DBE289F}"
EndProject
Global
	GlobalSection(SolutionConfigurationPlatforms) = preSolution
		Debug|Any CPU = Debug|Any CPU
		Release|Any CPU = Release|Any CPU
	EndGlobalSection
	GlobalSection(ProjectConfigurationPlatforms) = postSolution
		{F907E0EE-55D0-440E-BB67-D2973DBE289F}.Debug|Any CPU.ActiveCfg = Debug|Any CPU
		{F907E0EE-55D0-440E-BB67-D2973DBE289F}.Debug|Any CPU.Build.0 = Debug|Any CPU
		{F907E0EE-55D0-440E-BB67-D2973DBE289F}.Release|Any CPU.ActiveCfg = Release|Any CPU
		{F907E0EE-55D0-440E-BB67-D2973DBE289F}.Release|Any CPU.Build.0 = Release|Any CPU
	EndGlobalSection
	GlobalSection(SolutionProperties) = preSolution
		HideSolutionNode = FALSE
	EndGlobalSection
	GlobalSection(ExtensibilityGlobals) = postSolution
		SolutionGuid = {104134F5-69EB-433C-8B3A-F68A8FE4BF81}
	EndGlobalSection
EndGlobal
